
Microsoft Visual Studio Solution File, Format Version 12.00
# Visual Studio Version 17
VisualStudioVersion = 17.2.32616.157
MinimumVisualStudioVersion = 10.0.40219.1
Project("{FAE04EC0-301F-11D3-BF4B-00C04F79EFBC}") = "checkBox", "checkBox\checkBox.csproj", "{3B5E0A1E-7939-41C0-8E2C-535B9AA36037}"
EndProject
Global
	GlobalSection(SolutionConfigurationPlatforms) = preSolution
		Debug|Any CPU = Debug|Any CPU
		Release|Any CPU = Release|Any CPU
	EndGlobalSection
	GlobalSection(ProjectConfigurationPlatforms) = postSolution
		{3B5E0A1E-7939-41C0-8E2C-535B9AA36037}.Debug|Any CPU.ActiveCfg = Debug|Any CPU
		{3B5E0A1E-7939-41C0-8E2C-535B9AA36037}.Debug|Any CPU.Build.0 = Debug|Any CPU
		{3B5E0A1E-7939-41C0-8E2C-535B9AA36037}.Release|Any CPU.ActiveCfg = Release|Any CPU
		{3B5E0A1E-7939-41C0-8E2C-535B9AA36037}.Release|Any CPU.Build.0 = Release|Any CPU
	EndGlobalSection
	GlobalSection(SolutionProperties) = preSolution
		HideSolutionNode = FALSE
	EndGlobalSection
	GlobalSection(ExtensibilityGlobals) = postSolution
		SolutionGuid = {D00702D1-0892-4F59-A725-A3608F268440}
	EndGlobalSection
EndGlobal
